
Microsoft Visual Studio Solution File, Format Version 12.00
# Visual Studio Version 16
VisualStudioVersion = 16.0.30503.244
MinimumVisualStudioVersion = 10.0.40219.1
Project("{FAE04EC0-301F-11D3-BF4B-00C04F79EFBC}") = "SpellingBee", "SpellingBee\SpellingBee.csproj", "{889AD195-8EE9-433D-BBD7-841FC875F194}"
EndProject
Project("{FAE04EC0-301F-11D3-BF4B-00C04F79EFBC}") = "SpellingBee.Test", "SpellingBee.Test\SpellingBee.Test.csproj", "{BCF8AA09-D9A0-42D3-8A1A-D8327C78EA0F}"
EndProject
Global
	GlobalSection(SolutionConfigurationPlatforms) = preSolution
		Debug|Any CPU = Debug|Any CPU
		Release|Any CPU = Release|Any CPU
	EndGlobalSection
	GlobalSection(ProjectConfigurationPlatforms) = postSolution
		{889AD195-8EE9-433D-BBD7-841FC875F194}.Debug|Any CPU.ActiveCfg = Debug|Any CPU
		{889AD195-8EE9-433D-BBD7-841FC875F194}.Debug|Any CPU.Build.0 = Debug|Any CPU
		{889AD195-8EE9-433D-BBD7-841FC875F194}.Release|Any CPU.ActiveCfg = Release|Any CPU
		{889AD195-8EE9-433D-BBD7-841FC875F194}.Release|Any CPU.Build.0 = Release|Any CPU
		{BCF8AA09-D9A0-42D3-8A1A-D8327C78EA0F}.Debug|Any CPU.ActiveCfg = Debug|Any CPU
		{BCF8AA09-D9A0-42D3-8A1A-D8327C78EA0F}.Debug|Any CPU.Build.0 = Debug|Any CPU
		{BCF8AA09-D9A0-42D3-8A1A-D8327C78EA0F}.Release|Any CPU.ActiveCfg = Release|Any CPU
		{BCF8AA09-D9A0-42D3-8A1A-D8327C78EA0F}.Release|Any CPU.Build.0 = Release|Any CPU
	EndGlobalSection
	GlobalSection(SolutionProperties) = preSolution
		HideSolutionNode = FALSE
	EndGlobalSection
	GlobalSection(ExtensibilityGlobals) = postSolution
		SolutionGuid = {ED4F2178-CAC9-4C3B-ACA6-6AA2251A3945}
	EndGlobalSection
EndGlobal
